// !$*UTF8*$!
{
	archiveVersion = 1;
	classes = {
	};
	objectVersion = 50;
	objects = {

/* Begin PBXBuildFile section */
		083CE973241AAAB6007421B9 /* SpotifyAudioPlayback.framework in Frameworks */ = {isa = PBXBuildFile; fileRef = 083CE972241AAAB6007421B9 /* SpotifyAudioPlayback.framework */; };
		083CE975241AAABF007421B9 /* SpotifyAuthentication.framework in Frameworks */ = {isa = PBXBuildFile; fileRef = 083CE974241AAABF007421B9 /* SpotifyAuthentication.framework */; };
		083CE977241AAACB007421B9 /* SpotifyMetadata.framework in Frameworks */ = {isa = PBXBuildFile; fileRef = 083CE976241AAACB007421B9 /* SpotifyMetadata.framework */; };
		083CE97A241AE23A007421B9 /* Knapsack.swift in Sources */ = {isa = PBXBuildFile; fileRef = 083CE979241AE23A007421B9 /* Knapsack.swift */; };
		0883C56F24182DE200201408 /* Musica.swift in Sources */ = {isa = PBXBuildFile; fileRef = 0883C56E24182DE200201408 /* Musica.swift */; };
		08A03B71240D8065008602BE /* AppDelegate.swift in Sources */ = {isa = PBXBuildFile; fileRef = 08A03B70240D8065008602BE /* AppDelegate.swift */; };
		08A03B73240D8065008602BE /* SceneDelegate.swift in Sources */ = {isa = PBXBuildFile; fileRef = 08A03B72240D8065008602BE /* SceneDelegate.swift */; };
		08A03B75240D8065008602BE /* ViewController.swift in Sources */ = {isa = PBXBuildFile; fileRef = 08A03B74240D8065008602BE /* ViewController.swift */; };
		08A03B78240D8065008602BE /* Main.storyboard in Resources */ = {isa = PBXBuildFile; fileRef = 08A03B76240D8065008602BE /* Main.storyboard */; };
		08A03B7A240D8068008602BE /* Assets.xcassets in Resources */ = {isa = PBXBuildFile; fileRef = 08A03B79240D8068008602BE /* Assets.xcassets */; };
		08A03B7D240D8068008602BE /* LaunchScreen.storyboard in Resources */ = {isa = PBXBuildFile; fileRef = 08A03B7B240D8068008602BE /* LaunchScreen.storyboard */; };
		08D0D9F4241BED9F00576D77 /* MusicCollectionViewCell.swift in Sources */ = {isa = PBXBuildFile; fileRef = 08D0D9F3241BED9F00576D77 /* MusicCollectionViewCell.swift */; };
/* End PBXBuildFile section */

/* Begin PBXFileReference section */
		083CE972241AAAB6007421B9 /* SpotifyAudioPlayback.framework */ = {isa = PBXFileReference; lastKnownFileType = wrapper.framework; path = SpotifyAudioPlayback.framework; sourceTree = "<group>"; };
		083CE974241AAABF007421B9 /* SpotifyAuthentication.framework */ = {isa = PBXFileReference; lastKnownFileType = wrapper.framework; path = SpotifyAuthentication.framework; sourceTree = "<group>"; };
		083CE976241AAACB007421B9 /* SpotifyMetadata.framework */ = {isa = PBXFileReference; lastKnownFileType = wrapper.framework; path = SpotifyMetadata.framework; sourceTree = "<group>"; };
		083CE978241AACBB007421B9 /* musicmix.h */ = {isa = PBXFileReference; lastKnownFileType = sourcecode.c.h; path = musicmix.h; sourceTree = "<group>"; };
		083CE979241AE23A007421B9 /* Knapsack.swift */ = {isa = PBXFileReference; lastKnownFileType = sourcecode.swift; path = Knapsack.swift; sourceTree = "<group>"; };
		0883C56E24182DE200201408 /* Musica.swift */ = {isa = PBXFileReference; lastKnownFileType = sourcecode.swift; path = Musica.swift; sourceTree = "<group>"; };
		08A03B6D240D8065008602BE /* musicmix.app */ = {isa = PBXFileReference; explicitFileType = wrapper.application; includeInIndex = 0; path = musicmix.app; sourceTree = BUILT_PRODUCTS_DIR; };
		08A03B70240D8065008602BE /* AppDelegate.swift */ = {isa = PBXFileReference; lastKnownFileType = sourcecode.swift; path = AppDelegate.swift; sourceTree = "<group>"; };
		08A03B72240D8065008602BE /* SceneDelegate.swift */ = {isa = PBXFileReference; lastKnownFileType = sourcecode.swift; path = SceneDelegate.swift; sourceTree = "<group>"; };
		08A03B74240D8065008602BE /* ViewController.swift */ = {isa = PBXFileReference; lastKnownFileType = sourcecode.swift; path = ViewController.swift; sourceTree = "<group>"; };
		08A03B77240D8065008602BE /* Base */ = {isa = PBXFileReference; lastKnownFileType = file.storyboard; name = Base; path = Base.lproj/Main.storyboard; sourceTree = "<group>"; };
		08A03B79240D8068008602BE /* Assets.xcassets */ = {isa = PBXFileReference; lastKnownFileType = folder.assetcatalog; path = Assets.xcassets; sourceTree = "<group>"; };
		08A03B7C240D8068008602BE /* Base */ = {isa = PBXFileReference; lastKnownFileType = file.storyboard; name = Base; path = Base.lproj/LaunchScreen.storyboard; sourceTree = "<group>"; };
		08A03B7E240D8068008602BE /* Info.plist */ = {isa = PBXFileReference; lastKnownFileType = text.plist.xml; path = Info.plist; sourceTree = "<group>"; };
		08D0D9F3241BED9F00576D77 /* MusicCollectionViewCell.swift */ = {isa = PBXFileReference; lastKnownFileType = sourcecode.swift; path = MusicCollectionViewCell.swift; sourceTree = "<group>"; };
/* End PBXFileReference section */

/* Begin PBXFrameworksBuildPhase section */
		08A03B6A240D8065008602BE /* Frameworks */ = {
			isa = PBXFrameworksBuildPhase;
			buildActionMask = 2147483647;
			files = (
				083CE977241AAACB007421B9 /* SpotifyMetadata.framework in Frameworks */,
				083CE975241AAABF007421B9 /* SpotifyAuthentication.framework in Frameworks */,
				083CE973241AAAB6007421B9 /* SpotifyAudioPlayback.framework in Frameworks */,
			);
			runOnlyForDeploymentPostprocessing = 0;
		};
/* End PBXFrameworksBuildPhase section */

/* Begin PBXGroup section */
		08A03B64240D8065008602BE = {
			isa = PBXGroup;
			children = (
				08A03B6F240D8065008602BE /* musicmix */,
				08A03B6E240D8065008602BE /* Products */,
			);
			sourceTree = "<group>";
		};
		08A03B6E240D8065008602BE /* Products */ = {
			isa = PBXGroup;
			children = (
				08A03B6D240D8065008602BE /* musicmix.app */,
			);
			name = Products;
			sourceTree = "<group>";
		};
		08A03B6F240D8065008602BE /* musicmix */ = {
			isa = PBXGroup;
			children = (
				08A03B70240D8065008602BE /* AppDelegate.swift */,
				08A03B72240D8065008602BE /* SceneDelegate.swift */,
				08A03B74240D8065008602BE /* ViewController.swift */,
				08A03B76240D8065008602BE /* Main.storyboard */,
				0883C56E24182DE200201408 /* Musica.swift */,
				08D0D9F3241BED9F00576D77 /* MusicCollectionViewCell.swift */,
				083CE978241AACBB007421B9 /* musicmix.h */,
				08A03B79240D8068008602BE /* Assets.xcassets */,
				083CE976241AAACB007421B9 /* SpotifyMetadata.framework */,
				083CE974241AAABF007421B9 /* SpotifyAuthentication.framework */,
				08A03B7B240D8068008602BE /* LaunchScreen.storyboard */,
				083CE972241AAAB6007421B9 /* SpotifyAudioPlayback.framework */,
				08A03B7E240D8068008602BE /* Info.plist */,
				083CE979241AE23A007421B9 /* Knapsack.swift */,
			);
			path = musicmix;
			sourceTree = "<group>";
		};
/* End PBXGroup section */

/* Begin PBXNativeTarget section */
		08A03B6C240D8065008602BE /* musicmix */ = {
			isa = PBXNativeTarget;
			buildConfigurationList = 08A03B81240D8068008602BE /* Build configuration list for PBXNativeTarget "musicmix" */;
			buildPhases = (
				08A03B69240D8065008602BE /* Sources */,
				08A03B6A240D8065008602BE /* Frameworks */,
				08A03B6B240D8065008602BE /* Resources */,
			);
			buildRules = (
			);
			dependencies = (
			);
			name = musicmix;
			productName = musicmix;
			productReference = 08A03B6D240D8065008602BE /* musicmix.app */;
			productType = "com.apple.product-type.application";
		};
/* End PBXNativeTarget section */

/* Begin PBXProject section */
		08A03B65240D8065008602BE /* Project object */ = {
			isa = PBXProject;
			attributes = {
				LastSwiftUpdateCheck = 1130;
				LastUpgradeCheck = 1130;
				ORGANIZATIONNAME = "Evaldo Garcia de Souza Júnior";
				TargetAttributes = {
					08A03B6C240D8065008602BE = {
						CreatedOnToolsVersion = 11.3.1;
					};
				};
			};
			buildConfigurationList = 08A03B68240D8065008602BE /* Build configuration list for PBXProject "musicmix" */;
			compatibilityVersion = "Xcode 9.3";
			developmentRegion = en;
			hasScannedForEncodings = 0;
			knownRegions = (
				en,
				Base,
			);
			mainGroup = 08A03B64240D8065008602BE;
			productRefGroup = 08A03B6E240D8065008602BE /* Products */;
			projectDirPath = "";
			projectRoot = "";
			targets = (
				08A03B6C240D8065008602BE /* musicmix */,
			);
		};
/* End PBXProject section */

/* Begin PBXResourcesBuildPhase section */
		08A03B6B240D8065008602BE /* Resources */ = {
			isa = PBXResourcesBuildPhase;
			buildActionMask = 2147483647;
			files = (
				08A03B7D240D8068008602BE /* LaunchScreen.storyboard in Resources */,
				08A03B7A240D8068008602BE /* Assets.xcassets in Resources */,
				08A03B78240D8065008602BE /* Main.storyboard in Resources */,
			);
			runOnlyForDeploymentPostprocessing = 0;
		};
/* End PBXResourcesBuildPhase section */

/* Begin PBXSourcesBuildPhase section */
		08A03B69240D8065008602BE /* Sources */ = {
			isa = PBXSourcesBuildPhase;
			buildActionMask = 2147483647;
			files = (
				083CE97A241AE23A007421B9 /* Knapsack.swift in Sources */,
				08A03B75240D8065008602BE /* ViewController.swift in Sources */,
				08D0D9F4241BED9F00576D77 /* MusicCollectionViewCell.swift in Sources */,
				0883C56F24182DE200201408 /* Musica.swift in Sources */,
				08A03B71240D8065008602BE /* AppDelegate.swift in Sources */,
				08A03B73240D8065008602BE /* SceneDelegate.swift in Sources */,
			);
			runOnlyForDeploymentPostprocessing = 0;
		};
/* End PBXSourcesBuildPhase section */

/* Begin PBXVariantGroup section */
		08A03B76240D8065008602BE /* Main.storyboard */ = {
			isa = PBXVariantGroup;
			children = (
				08A03B77240D8065008602BE /* Base */,
			);
			name = Main.storyboard;
			sourceTree = "<group>";
		};
		08A03B7B240D8068008602BE /* LaunchScreen.storyboard */ = {
			isa = PBXVariantGroup;
			children = (
				08A03B7C240D8068008602BE /* Base */,
			);
			name = LaunchScreen.storyboard;
			sourceTree = "<group>";
		};
/* End PBXVariantGroup section */

/* Begin XCBuildConfiguration section */
		08A03B7F240D8068008602BE /* Debug */ = {
			isa = XCBuildConfiguration;
			buildSettings = {
				ALWAYS_SEARCH_USER_PATHS = NO;
				CLANG_ANALYZER_NONNULL = YES;
				CLANG_ANALYZER_NUMBER_OBJECT_CONVERSION = YES_AGGRESSIVE;
				CLANG_CXX_LANGUAGE_STANDARD = "gnu++14";
				CLANG_CXX_LIBRARY = "libc++";
				CLANG_ENABLE_MODULES = YES;
				CLANG_ENABLE_OBJC_ARC = YES;
				CLANG_ENABLE_OBJC_WEAK = YES;
				CLANG_WARN_BLOCK_CAPTURE_AUTORELEASING = YES;
				CLANG_WARN_BOOL_CONVERSION = YES;
				CLANG_WARN_COMMA = YES;
				CLANG_WARN_CONSTANT_CONVERSION = YES;
				CLANG_WARN_DEPRECATED_OBJC_IMPLEMENTATIONS = YES;
				CLANG_WARN_DIRECT_OBJC_ISA_USAGE = YES_ERROR;
				CLANG_WARN_DOCUMENTATION_COMMENTS = YES;
				CLANG_WARN_EMPTY_BODY = YES;
				CLANG_WARN_ENUM_CONVERSION = YES;
				CLANG_WARN_INFINITE_RECURSION = YES;
				CLANG_WARN_INT_CONVERSION = YES;
				CLANG_WARN_NON_LITERAL_NULL_CONVERSION = YES;
				CLANG_WARN_OBJC_IMPLICIT_RETAIN_SELF = YES;
				CLANG_WARN_OBJC_LITERAL_CONVERSION = YES;
				CLANG_WARN_OBJC_ROOT_CLASS = YES_ERROR;
				CLANG_WARN_RANGE_LOOP_ANALYSIS = YES;
				CLANG_WARN_STRICT_PROTOTYPES = YES;
				CLANG_WARN_SUSPICIOUS_MOVE = YES;
				CLANG_WARN_UNGUARDED_AVAILABILITY = YES_AGGRESSIVE;
				CLANG_WARN_UNREACHABLE_CODE = YES;
				CLANG_WARN__DUPLICATE_METHOD_MATCH = YES;
				COPY_PHASE_STRIP = NO;
				DEBUG_INFORMATION_FORMAT = dwarf;
				ENABLE_STRICT_OBJC_MSGSEND = YES;
				ENABLE_TESTABILITY = YES;
				GCC_C_LANGUAGE_STANDARD = gnu11;
				GCC_DYNAMIC_NO_PIC = NO;
				GCC_NO_COMMON_BLOCKS = YES;
				GCC_OPTIMIZATION_LEVEL = 0;
				GCC_PREPROCESSOR_DEFINITIONS = (
					"DEBUG=1",
					"$(inherited)",
				);
				GCC_WARN_64_TO_32_BIT_CONVERSION = YES;
				GCC_WARN_ABOUT_RETURN_TYPE = YES_ERROR;
				GCC_WARN_UNDECLARED_SELECTOR = YES;
				GCC_WARN_UNINITIALIZED_AUTOS = YES_AGGRESSIVE;
				GCC_WARN_UNUSED_FUNCTION = YES;
				GCC_WARN_UNUSED_VARIABLE = YES;
				IPHONEOS_DEPLOYMENT_TARGET = 13.2;
				MTL_ENABLE_DEBUG_INFO = INCLUDE_SOURCE;
				MTL_FAST_MATH = YES;
				ONLY_ACTIVE_ARCH = YES;
				SDKROOT = iphoneos;
				SWIFT_ACTIVE_COMPILATION_CONDITIONS = DEBUG;
				SWIFT_OPTIMIZATION_LEVEL = "-Onone";
			};
			name = Debug;
		};
		08A03B80240D8068008602BE /* Release */ = {
			isa = XCBuildConfiguration;
			buildSettings = {
				ALWAYS_SEARCH_USER_PATHS = NO;
				CLANG_ANALYZER_NONNULL = YES;
				CLANG_ANALYZER_NUMBER_OBJECT_CONVERSION = YES_AGGRESSIVE;
				CLANG_CXX_LANGUAGE_STANDARD = "gnu++14";
				CLANG_CXX_LIBRARY = "libc++";
				CLANG_ENABLE_MODULES = YES;
				CLANG_ENABLE_OBJC_ARC = YES;
				CLANG_ENABLE_OBJC_WEAK = YES;
				CLANG_WARN_BLOCK_CAPTURE_AUTORELEASING = YES;
				CLANG_WARN_BOOL_CONVERSION = YES;
				CLANG_WARN_COMMA = YES;
				CLANG_WARN_CONSTANT_CONVERSION = YES;
				CLANG_WARN_DEPRECATED_OBJC_IMPLEMENTATIONS = YES;
				CLANG_WARN_DIRECT_OBJC_ISA_USAGE = YES_ERROR;
				CLANG_WARN_DOCUMENTATION_COMMENTS = YES;
				CLANG_WARN_EMPTY_BODY = YES;
				CLANG_WARN_ENUM_CONVERSION = YES;
				CLANG_WARN_INFINITE_RECURSION = YES;
				CLANG_WARN_INT_CONVERSION = YES;
				CLANG_WARN_NON_LITERAL_NULL_CONVERSION = YES;
				CLANG_WARN_OBJC_IMPLICIT_RETAIN_SELF = YES;
				CLANG_WARN_OBJC_LITERAL_CONVERSION = YES;
				CLANG_WARN_OBJC_ROOT_CLASS = YES_ERROR;
				CLANG_WARN_RANGE_LOOP_ANALYSIS = YES;
				CLANG_WARN_STRICT_PROTOTYPES = YES;
				CLANG_WARN_SUSPICIOUS_MOVE = YES;
				CLANG_WARN_UNGUARDED_AVAILABILITY = YES_AGGRESSIVE;
				CLANG_WARN_UNREACHABLE_CODE = YES;
				CLANG_WARN__DUPLICATE_METHOD_MATCH = YES;
				COPY_PHASE_STRIP = NO;
				DEBUG_INFORMATION_FORMAT = "dwarf-with-dsym";
				ENABLE_NS_ASSERTIONS = NO;
				ENABLE_STRICT_OBJC_MSGSEND = YES;
				GCC_C_LANGUAGE_STANDARD = gnu11;
				GCC_NO_COMMON_BLOCKS = YES;
				GCC_WARN_64_TO_32_BIT_CONVERSION = YES;
				GCC_WARN_ABOUT_RETURN_TYPE = YES_ERROR;
				GCC_WARN_UNDECLARED_SELECTOR = YES;
				GCC_WARN_UNINITIALIZED_AUTOS = YES_AGGRESSIVE;
				GCC_WARN_UNUSED_FUNCTION = YES;
				GCC_WARN_UNUSED_VARIABLE = YES;
				IPHONEOS_DEPLOYMENT_TARGET = 13.2;
				MTL_ENABLE_DEBUG_INFO = NO;
				MTL_FAST_MATH = YES;
				SDKROOT = iphoneos;
				SWIFT_COMPILATION_MODE = wholemodule;
				SWIFT_OPTIMIZATION_LEVEL = "-O";
				VALIDATE_PRODUCT = YES;
			};
			name = Release;
		};
		08A03B82240D8068008602BE /* Debug */ = {
			isa = XCBuildConfiguration;
			buildSettings = {
				ASSETCATALOG_COMPILER_APPICON_NAME = AppIcon;
				CODE_SIGN_STYLE = Automatic;
				FRAMEWORK_SEARCH_PATHS = (
					"$(inherited)",
					"$(PROJECT_DIR)",
					"$(PROJECT_DIR)/musicmix",
				);
				INFOPLIST_FILE = musicmix/Info.plist;
				LD_RUNPATH_SEARCH_PATHS = (
					"$(inherited)",
					"@executable_path/Frameworks",
				);
				OTHER_LDFLAGS = "-ObjC";
				PRODUCT_BUNDLE_IDENTIFIER = br.ufpe.cin.academy.musicmix;
				PRODUCT_NAME = "$(TARGET_NAME)";
				SWIFT_OBJC_BRIDGING_HEADER = /Users/egsj/Desktop/MusicApp/musicmix/musicmix.h;
				SWIFT_PRECOMPILE_BRIDGING_HEADER = YES;
				SWIFT_VERSION = 5.0;
				TARGETED_DEVICE_FAMILY = "1,2";
			};
			name = Debug;
		};
		08A03B83240D8068008602BE /* Release */ = {
			isa = XCBuildConfiguration;
			buildSettings = {
				ASSETCATALOG_COMPILER_APPICON_NAME = AppIcon;
				CODE_SIGN_STYLE = Automatic;
				FRAMEWORK_SEARCH_PATHS = (
					"$(inherited)",
					"$(PROJECT_DIR)",
					"$(PROJECT_DIR)/musicmix",
				);
				INFOPLIST_FILE = musicmix/Info.plist;
				LD_RUNPATH_SEARCH_PATHS = (
					"$(inherited)",
					"@executable_path/Frameworks",
				);
				OTHER_LDFLAGS = "-ObjC";
				PRODUCT_BUNDLE_IDENTIFIER = br.ufpe.cin.academy.musicmix;
				PRODUCT_NAME = "$(TARGET_NAME)";
				SWIFT_OBJC_BRIDGING_HEADER = /Users/egsj/Desktop/MusicApp/musicmix/musicmix.h;
				SWIFT_PRECOMPILE_BRIDGING_HEADER = YES;
				SWIFT_VERSION = 5.0;
				TARGETED_DEVICE_FAMILY = "1,2";
			};
			name = Release;
		};
/* End XCBuildConfiguration section */

/* Begin XCConfigurationList section */
		08A03B68240D8065008602BE /* Build configuration list for PBXProject "musicmix" */ = {
			isa = XCConfigurationList;
			buildConfigurations = (
				08A03B7F240D8068008602BE /* Debug */,
				08A03B80240D8068008602BE /* Release */,
			);
			defaultConfigurationIsVisible = 0;
			defaultConfigurationName = Release;
		};
		08A03B81240D8068008602BE /* Build configuration list for PBXNativeTarget "musicmix" */ = {
			isa = XCConfigurationList;
			buildConfigurations = (
				08A03B82240D8068008602BE /* Debug */,
				08A03B83240D8068008602BE /* Release */,
			);
			defaultConfigurationIsVisible = 0;
			defaultConfigurationName = Release;
		};
/* End XCConfigurationList section */
	};
	rootObject = 08A03B65240D8065008602BE /* Project object */;
}
